// !$*UTF8*$!
{
	archiveVersion = 1;
	classes = {
	};
	objectVersion = 50;
	objects = {

/* Begin PBXBuildFile section */
		55BBEA69224156550094EE4C /* AppDelegate.swift in Sources */ = {isa = PBXBuildFile; fileRef = 55BBEA68224156550094EE4C /* AppDelegate.swift */; };
		55BBEA6B224156550094EE4C /* ViewController.swift in Sources */ = {isa = PBXBuildFile; fileRef = 55BBEA6A224156550094EE4C /* ViewController.swift */; };
		55BBEA6E224156550094EE4C /* Main.storyboard in Resources */ = {isa = PBXBuildFile; fileRef = 55BBEA6C224156550094EE4C /* Main.storyboard */; };
		55BBEA70224156560094EE4C /* Assets.xcassets in Resources */ = {isa = PBXBuildFile; fileRef = 55BBEA6F224156560094EE4C /* Assets.xcassets */; };
		55BBEA73224156560094EE4C /* LaunchScreen.storyboard in Resources */ = {isa = PBXBuildFile; fileRef = 55BBEA71224156560094EE4C /* LaunchScreen.storyboard */; };
		55BBEA7E224156560094EE4C /* helloworldTests.swift in Sources */ = {isa = PBXBuildFile; fileRef = 55BBEA7D224156560094EE4C /* helloworldTests.swift */; };
		55BBEA89224156560094EE4C /* helloworldUITests.swift in Sources */ = {isa = PBXBuildFile; fileRef = 55BBEA88224156560094EE4C /* helloworldUITests.swift */; };
/* End PBXBuildFile section */

/* Begin PBXContainerItemProxy section */
		55BBEA7A224156560094EE4C /* PBXContainerItemProxy */ = {
			isa = PBXContainerItemProxy;
			containerPortal = 55BBEA5D224156550094EE4C /* Project object */;
			proxyType = 1;
			remoteGlobalIDString = 55BBEA64224156550094EE4C;
			remoteInfo = helloworld;
		};
		55BBEA85224156560094EE4C /* PBXContainerItemProxy */ = {
			isa = PBXContainerItemProxy;
			containerPortal = 55BBEA5D224156550094EE4C /* Project object */;
			proxyType = 1;
			remoteGlobalIDString = 55BBEA64224156550094EE4C;
			remoteInfo = helloworld;
		};
/* End PBXContainerItemProxy section */

/* Begin PBXFileReference section */
		55BBEA65224156550094EE4C /* helloworld.app */ = {isa = PBXFileReference; explicitFileType = wrapper.application; includeInIndex = 0; path = helloworld.app; sourceTree = BUILT_PRODUCTS_DIR; };
		55BBEA68224156550094EE4C /* AppDelegate.swift */ = {isa = PBXFileReference; lastKnownFileType = sourcecode.swift; path = AppDelegate.swift; sourceTree = "<group>"; };
		55BBEA6A224156550094EE4C /* ViewController.swift */ = {isa = PBXFileReference; lastKnownFileType = sourcecode.swift; path = ViewController.swift; sourceTree = "<group>"; };
		55BBEA6D224156550094EE4C /* Base */ = {isa = PBXFileReference; lastKnownFileType = file.storyboard; name = Base; path = Base.lproj/Main.storyboard; sourceTree = "<group>"; };
		55BBEA6F224156560094EE4C /* Assets.xcassets */ = {isa = PBXFileReference; lastKnownFileType = folder.assetcatalog; path = Assets.xcassets; sourceTree = "<group>"; };
		55BBEA72224156560094EE4C /* Base */ = {isa = PBXFileReference; lastKnownFileType = file.storyboard; name = Base; path = Base.lproj/LaunchScreen.storyboard; sourceTree = "<group>"; };
		55BBEA74224156560094EE4C /* Info.plist */ = {isa = PBXFileReference; lastKnownFileType = text.plist.xml; path = Info.plist; sourceTree = "<group>"; };
		55BBEA79224156560094EE4C /* helloworldTests.xctest */ = {isa = PBXFileReference; explicitFileType = wrapper.cfbundle; includeInIndex = 0; path = helloworldTests.xctest; sourceTree = BUILT_PRODUCTS_DIR; };
		55BBEA7D224156560094EE4C /* helloworldTests.swift */ = {isa = PBXFileReference; lastKnownFileType = sourcecode.swift; path = helloworldTests.swift; sourceTree = "<group>"; };
		55BBEA7F224156560094EE4C /* Info.plist */ = {isa = PBXFileReference; lastKnownFileType = text.plist.xml; path = Info.plist; sourceTree = "<group>"; };
		55BBEA84224156560094EE4C /* helloworldUITests.xctest */ = {isa = PBXFileReference; explicitFileType = wrapper.cfbundle; includeInIndex = 0; path = helloworldUITests.xctest; sourceTree = BUILT_PRODUCTS_DIR; };
		55BBEA88224156560094EE4C /* helloworldUITests.swift */ = {isa = PBXFileReference; lastKnownFileType = sourcecode.swift; path = helloworldUITests.swift; sourceTree = "<group>"; };
		55BBEA8A224156560094EE4C /* Info.plist */ = {isa = PBXFileReference; lastKnownFileType = text.plist.xml; path = Info.plist; sourceTree = "<group>"; };
/* End PBXFileReference section */

/* Begin PBXFrameworksBuildPhase section */
		55BBEA62224156550094EE4C /* Frameworks */ = {
			isa = PBXFrameworksBuildPhase;
			buildActionMask = 2147483647;
			files = (
			);
			runOnlyForDeploymentPostprocessing = 0;
		};
		55BBEA76224156560094EE4C /* Frameworks */ = {
			isa = PBXFrameworksBuildPhase;
			buildActionMask = 2147483647;
			files = (
			);
			runOnlyForDeploymentPostprocessing = 0;
		};
		55BBEA81224156560094EE4C /* Frameworks */ = {
			isa = PBXFrameworksBuildPhase;
			buildActionMask = 2147483647;
			files = (
			);
			runOnlyForDeploymentPostprocessing = 0;
		};
/* End PBXFrameworksBuildPhase section */

/* Begin PBXGroup section */
		55BBEA5C224156550094EE4C = {
			isa = PBXGroup;
			children = (
				55BBEA67224156550094EE4C /* helloworld */,
				55BBEA7C224156560094EE4C /* helloworldTests */,
				55BBEA87224156560094EE4C /* helloworldUITests */,
				55BBEA66224156550094EE4C /* Products */,
			);
			sourceTree = "<group>";
		};
		55BBEA66224156550094EE4C /* Products */ = {
			isa = PBXGroup;
			children = (
				55BBEA65224156550094EE4C /* helloworld.app */,
				55BBEA79224156560094EE4C /* helloworldTests.xctest */,
				55BBEA84224156560094EE4C /* helloworldUITests.xctest */,
			);
			name = Products;
			sourceTree = "<group>";
		};
		55BBEA67224156550094EE4C /* helloworld */ = {
			isa = PBXGroup;
			children = (
				55BBEA68224156550094EE4C /* AppDelegate.swift */,
				55BBEA6A224156550094EE4C /* ViewController.swift */,
				55BBEA6C224156550094EE4C /* Main.storyboard */,
				55BBEA6F224156560094EE4C /* Assets.xcassets */,
				55BBEA71224156560094EE4C /* LaunchScreen.storyboard */,
				55BBEA74224156560094EE4C /* Info.plist */,
			);
			path = helloworld;
			sourceTree = "<group>";
		};
		55BBEA7C224156560094EE4C /* helloworldTests */ = {
			isa = PBXGroup;
			children = (
				55BBEA7D224156560094EE4C /* helloworldTests.swift */,
				55BBEA7F224156560094EE4C /* Info.plist */,
			);
			path = helloworldTests;
			sourceTree = "<group>";
		};
		55BBEA87224156560094EE4C /* helloworldUITests */ = {
			isa = PBXGroup;
			children = (
				55BBEA88224156560094EE4C /* helloworldUITests.swift */,
				55BBEA8A224156560094EE4C /* Info.plist */,
			);
			path = helloworldUITests;
			sourceTree = "<group>";
		};
/* End PBXGroup section */

/* Begin PBXNativeTarget section */
		55BBEA64224156550094EE4C /* helloworld */ = {
			isa = PBXNativeTarget;
			buildConfigurationList = 55BBEA8D224156560094EE4C /* Build configuration list for PBXNativeTarget "helloworld" */;
			buildPhases = (
				55BBEA61224156550094EE4C /* Sources */,
				55BBEA62224156550094EE4C /* Frameworks */,
				55BBEA63224156550094EE4C /* Resources */,
			);
			buildRules = (
			);
			dependencies = (
			);
			name = helloworld;
			productName = helloworld;
			productReference = 55BBEA65224156550094EE4C /* helloworld.app */;
			productType = "com.apple.product-type.application";
		};
		55BBEA78224156560094EE4C /* helloworldTests */ = {
			isa = PBXNativeTarget;
			buildConfigurationList = 55BBEA90224156560094EE4C /* Build configuration list for PBXNativeTarget "helloworldTests" */;
			buildPhases = (
				55BBEA75224156560094EE4C /* Sources */,
				55BBEA76224156560094EE4C /* Frameworks */,
				55BBEA77224156560094EE4C /* Resources */,
			);
			buildRules = (
			);
			dependencies = (
				55BBEA7B224156560094EE4C /* PBXTargetDependency */,
			);
			name = helloworldTests;
			productName = helloworldTests;
			productReference = 55BBEA79224156560094EE4C /* helloworldTests.xctest */;
			productType = "com.apple.product-type.bundle.unit-test";
		};
		55BBEA83224156560094EE4C /* helloworldUITests */ = {
			isa = PBXNativeTarget;
			buildConfigurationList = 55BBEA93224156560094EE4C /* Build configuration list for PBXNativeTarget "helloworldUITests" */;
			buildPhases = (
				55BBEA80224156560094EE4C /* Sources */,
				55BBEA81224156560094EE4C /* Frameworks */,
				55BBEA82224156560094EE4C /* Resources */,
			);
			buildRules = (
			);
			dependencies = (
				55BBEA86224156560094EE4C /* PBXTargetDependency */,
			);
			name = helloworldUITests;
			productName = helloworldUITests;
			productReference = 55BBEA84224156560094EE4C /* helloworldUITests.xctest */;
			productType = "com.apple.product-type.bundle.ui-testing";
		};
/* End PBXNativeTarget section */

/* Begin PBXProject section */
		55BBEA5D224156550094EE4C /* Project object */ = {
			isa = PBXProject;
			attributes = {
				LastSwiftUpdateCheck = 1010;
				LastUpgradeCheck = 1010;
				ORGANIZATIONNAME = "Captain America";
				TargetAttributes = {
					55BBEA64224156550094EE4C = {
						CreatedOnToolsVersion = 10.1;
					};
					55BBEA78224156560094EE4C = {
						CreatedOnToolsVersion = 10.1;
						TestTargetID = 55BBEA64224156550094EE4C;
					};
					55BBEA83224156560094EE4C = {
						CreatedOnToolsVersion = 10.1;
						TestTargetID = 55BBEA64224156550094EE4C;
					};
				};
			};
			buildConfigurationList = 55BBEA60224156550094EE4C /* Build configuration list for PBXProject "helloworld" */;
			compatibilityVersion = "Xcode 9.3";
			developmentRegion = en;
			hasScannedForEncodings = 0;
			knownRegions = (
				en,
				Base,
			);
			mainGroup = 55BBEA5C224156550094EE4C;
			productRefGroup = 55BBEA66224156550094EE4C /* Products */;
			projectDirPath = "";
			projectRoot = "";
			targets = (
				55BBEA64224156550094EE4C /* helloworld */,
				55BBEA78224156560094EE4C /* helloworldTests */,
				55BBEA83224156560094EE4C /* helloworldUITests */,
			);
		};
/* End PBXProject section */

/* Begin PBXResourcesBuildPhase section */
		55BBEA63224156550094EE4C /* Resources */ = {
			isa = PBXResourcesBuildPhase;
			buildActionMask = 2147483647;
			files = (
				55BBEA73224156560094EE4C /* LaunchScreen.storyboard in Resources */,
				55BBEA70224156560094EE4C /* Assets.xcassets in Resources */,
				55BBEA6E224156550094EE4C /* Main.storyboard in Resources */,
			);
			runOnlyForDeploymentPostprocessing = 0;
		};
		55BBEA77224156560094EE4C /* Resources */ = {
			isa = PBXResourcesBuildPhase;
			buildActionMask = 2147483647;
			files = (
			);
			runOnlyForDeploymentPostprocessing = 0;
		};
		55BBEA82224156560094EE4C /* Resources */ = {
			isa = PBXResourcesBuildPhase;
			buildActionMask = 2147483647;
			files = (
			);
			runOnlyForDeploymentPostprocessing = 0;
		};
/* End PBXResourcesBuildPhase section */

/* Begin PBXSourcesBuildPhase section */
		55BBEA61224156550094EE4C /* Sources */ = {
			isa = PBXSourcesBuildPhase;
			buildActionMask = 2147483647;
			files = (
				55BBEA6B224156550094EE4C /* ViewController.swift in Sources */,
				55BBEA69224156550094EE4C /* AppDelegate.swift in Sources */,
			);
			runOnlyForDeploymentPostprocessing = 0;
		};
		55BBEA75224156560094EE4C /* Sources */ = {
			isa = PBXSourcesBuildPhase;
			buildActionMask = 2147483647;
			files = (
				55BBEA7E224156560094EE4C /* helloworldTests.swift in Sources */,
			);
			runOnlyForDeploymentPostprocessing = 0;
		};
		55BBEA80224156560094EE4C /* Sources */ = {
			isa = PBXSourcesBuildPhase;
			buildActionMask = 2147483647;
			files = (
				55BBEA89224156560094EE4C /* helloworldUITests.swift in Sources */,
			);
			runOnlyForDeploymentPostprocessing = 0;
		};
/* End PBXSourcesBuildPhase section */

/* Begin PBXTargetDependency section */
		55BBEA7B224156560094EE4C /* PBXTargetDependency */ = {
			isa = PBXTargetDependency;
			target = 55BBEA64224156550094EE4C /* helloworld */;
			targetProxy = 55BBEA7A224156560094EE4C /* PBXContainerItemProxy */;
		};
		55BBEA86224156560094EE4C /* PBXTargetDependency */ = {
			isa = PBXTargetDependency;
			target = 55BBEA64224156550094EE4C /* helloworld */;
			targetProxy = 55BBEA85224156560094EE4C /* PBXContainerItemProxy */;
		};
/* End PBXTargetDependency section */

/* Begin PBXVariantGroup section */
		55BBEA6C224156550094EE4C /* Main.storyboard */ = {
			isa = PBXVariantGroup;
			children = (
				55BBEA6D224156550094EE4C /* Base */,
			);
			name = Main.storyboard;
			sourceTree = "<group>";
		};
		55BBEA71224156560094EE4C /* LaunchScreen.storyboard */ = {
			isa = PBXVariantGroup;
			children = (
				55BBEA72224156560094EE4C /* Base */,
			);
			name = LaunchScreen.storyboard;
			sourceTree = "<group>";
		};
/* End PBXVariantGroup section */

/* Begin XCBuildConfiguration section */
		55BBEA8B224156560094EE4C /* Debug */ = {
			isa = XCBuildConfiguration;
			buildSettings = {
				ALWAYS_SEARCH_USER_PATHS = NO;
				CLANG_ANALYZER_NONNULL = YES;
				CLANG_ANALYZER_NUMBER_OBJECT_CONVERSION = YES_AGGRESSIVE;
				CLANG_CXX_LANGUAGE_STANDARD = "gnu++14";
				CLANG_CXX_LIBRARY = "libc++";
				CLANG_ENABLE_MODULES = YES;
				CLANG_ENABLE_OBJC_ARC = YES;
				CLANG_ENABLE_OBJC_WEAK = YES;
				CLANG_WARN_BLOCK_CAPTURE_AUTORELEASING = YES;
				CLANG_WARN_BOOL_CONVERSION = YES;
				CLANG_WARN_COMMA = YES;
				CLANG_WARN_CONSTANT_CONVERSION = YES;
				CLANG_WARN_DEPRECATED_OBJC_IMPLEMENTATIONS = YES;
				CLANG_WARN_DIRECT_OBJC_ISA_USAGE = YES_ERROR;
				CLANG_WARN_DOCUMENTATION_COMMENTS = YES;
				CLANG_WARN_EMPTY_BODY = YES;
				CLANG_WARN_ENUM_CONVERSION = YES;
				CLANG_WARN_INFINITE_RECURSION = YES;
				CLANG_WARN_INT_CONVERSION = YES;
				CLANG_WARN_NON_LITERAL_NULL_CONVERSION = YES;
				CLANG_WARN_OBJC_IMPLICIT_RETAIN_SELF = YES;
				CLANG_WARN_OBJC_LITERAL_CONVERSION = YES;
				CLANG_WARN_OBJC_ROOT_CLASS = YES_ERROR;
				CLANG_WARN_RANGE_LOOP_ANALYSIS = YES;
				CLANG_WARN_STRICT_PROTOTYPES = YES;
				CLANG_WARN_SUSPICIOUS_MOVE = YES;
				CLANG_WARN_UNGUARDED_AVAILABILITY = YES_AGGRESSIVE;
				CLANG_WARN_UNREACHABLE_CODE = YES;
				CLANG_WARN__DUPLICATE_METHOD_MATCH = YES;
				CODE_SIGN_IDENTITY = "iPhone Developer";
				COPY_PHASE_STRIP = NO;
				DEBUG_INFORMATION_FORMAT = dwarf;
				ENABLE_STRICT_OBJC_MSGSEND = YES;
				ENABLE_TESTABILITY = YES;
				GCC_C_LANGUAGE_STANDARD = gnu11;
				GCC_DYNAMIC_NO_PIC = NO;
				GCC_NO_COMMON_BLOCKS = YES;
				GCC_OPTIMIZATION_LEVEL = 0;
				GCC_PREPROCESSOR_DEFINITIONS = (
					"DEBUG=1",
					"$(inherited)",
				);
				GCC_WARN_64_TO_32_BIT_CONVERSION = YES;
				GCC_WARN_ABOUT_RETURN_TYPE = YES_ERROR;
				GCC_WARN_UNDECLARED_SELECTOR = YES;
				GCC_WARN_UNINITIALIZED_AUTOS = YES_AGGRESSIVE;
				GCC_WARN_UNUSED_FUNCTION = YES;
				GCC_WARN_UNUSED_VARIABLE = YES;
				IPHONEOS_DEPLOYMENT_TARGET = 12.1;
				MTL_ENABLE_DEBUG_INFO = INCLUDE_SOURCE;
				MTL_FAST_MATH = YES;
				ONLY_ACTIVE_ARCH = YES;
				SDKROOT = iphoneos;
				SWIFT_ACTIVE_COMPILATION_CONDITIONS = DEBUG;
				SWIFT_OPTIMIZATION_LEVEL = "-Onone";
			};
			name = Debug;
		};
		55BBEA8C224156560094EE4C /* Release */ = {
			isa = XCBuildConfiguration;
			buildSettings = {
				ALWAYS_SEARCH_USER_PATHS = NO;
				CLANG_ANALYZER_NONNULL = YES;
				CLANG_ANALYZER_NUMBER_OBJECT_CONVERSION = YES_AGGRESSIVE;
				CLANG_CXX_LANGUAGE_STANDARD = "gnu++14";
				CLANG_CXX_LIBRARY = "libc++";
				CLANG_ENABLE_MODULES = YES;
				CLANG_ENABLE_OBJC_ARC = YES;
				CLANG_ENABLE_OBJC_WEAK = YES;
				CLANG_WARN_BLOCK_CAPTURE_AUTORELEASING = YES;
				CLANG_WARN_BOOL_CONVERSION = YES;
				CLANG_WARN_COMMA = YES;
				CLANG_WARN_CONSTANT_CONVERSION = YES;
				CLANG_WARN_DEPRECATED_OBJC_IMPLEMENTATIONS = YES;
				CLANG_WARN_DIRECT_OBJC_ISA_USAGE = YES_ERROR;
				CLANG_WARN_DOCUMENTATION_COMMENTS = YES;
				CLANG_WARN_EMPTY_BODY = YES;
				CLANG_WARN_ENUM_CONVERSION = YES;
				CLANG_WARN_INFINITE_RECURSION = YES;
				CLANG_WARN_INT_CONVERSION = YES;
				CLANG_WARN_NON_LITERAL_NULL_CONVERSION = YES;
				CLANG_WARN_OBJC_IMPLICIT_RETAIN_SELF = YES;
				CLANG_WARN_OBJC_LITERAL_CONVERSION = YES;
				CLANG_WARN_OBJC_ROOT_CLASS = YES_ERROR;
				CLANG_WARN_RANGE_LOOP_ANALYSIS = YES;
				CLANG_WARN_STRICT_PROTOTYPES = YES;
				CLANG_WARN_SUSPICIOUS_MOVE = YES;
				CLANG_WARN_UNGUARDED_AVAILABILITY = YES_AGGRESSIVE;
				CLANG_WARN_UNREACHABLE_CODE = YES;
				CLANG_WARN__DUPLICATE_METHOD_MATCH = YES;
				CODE_SIGN_IDENTITY = "iPhone Developer";
				COPY_PHASE_STRIP = NO;
				DEBUG_INFORMATION_FORMAT = "dwarf-with-dsym";
				ENABLE_NS_ASSERTIONS = NO;
				ENABLE_STRICT_OBJC_MSGSEND = YES;
				GCC_C_LANGUAGE_STANDARD = gnu11;
				GCC_NO_COMMON_BLOCKS = YES;
				GCC_WARN_64_TO_32_BIT_CONVERSION = YES;
				GCC_WARN_ABOUT_RETURN_TYPE = YES_ERROR;
				GCC_WARN_UNDECLARED_SELECTOR = YES;
				GCC_WARN_UNINITIALIZED_AUTOS = YES_AGGRESSIVE;
				GCC_WARN_UNUSED_FUNCTION = YES;
				GCC_WARN_UNUSED_VARIABLE = YES;
				IPHONEOS_DEPLOYMENT_TARGET = 12.1;
				MTL_ENABLE_DEBUG_INFO = NO;
				MTL_FAST_MATH = YES;
				SDKROOT = iphoneos;
				SWIFT_COMPILATION_MODE = wholemodule;
				SWIFT_OPTIMIZATION_LEVEL = "-O";
				VALIDATE_PRODUCT = YES;
			};
			name = Release;
		};
		55BBEA8E224156560094EE4C /* Debug */ = {
			isa = XCBuildConfiguration;
			buildSettings = {
				ASSETCATALOG_COMPILER_APPICON_NAME = AppIcon;
				CODE_SIGN_STYLE = Automatic;
				DEVELOPMENT_TEAM = CCQ8AH27PK;
				INFOPLIST_FILE = helloworld/Info.plist;
				LD_RUNPATH_SEARCH_PATHS = (
					"$(inherited)",
					"@executable_path/Frameworks",
				);
				PRODUCT_BUNDLE_IDENTIFIER = com.rewardz.helloworld;
				PRODUCT_NAME = "$(TARGET_NAME)";
				SWIFT_VERSION = 4.2;
				TARGETED_DEVICE_FAMILY = "1,2";
			};
			name = Debug;
		};
		55BBEA8F224156560094EE4C /* Release */ = {
			isa = XCBuildConfiguration;
			buildSettings = {
				ASSETCATALOG_COMPILER_APPICON_NAME = AppIcon;
				CODE_SIGN_STYLE = Automatic;
				DEVELOPMENT_TEAM = CCQ8AH27PK;
				INFOPLIST_FILE = helloworld/Info.plist;
				LD_RUNPATH_SEARCH_PATHS = (
					"$(inherited)",
					"@executable_path/Frameworks",
				);
				PRODUCT_BUNDLE_IDENTIFIER = com.rewardz.helloworld;
				PRODUCT_NAME = "$(TARGET_NAME)";
				SWIFT_VERSION = 4.2;
				TARGETED_DEVICE_FAMILY = "1,2";
			};
			name = Release;
		};
		55BBEA91224156560094EE4C /* Debug */ = {
			isa = XCBuildConfiguration;
			buildSettings = {
				ALWAYS_EMBED_SWIFT_STANDARD_LIBRARIES = YES;
				BUNDLE_LOADER = "$(TEST_HOST)";
				CODE_SIGN_STYLE = Automatic;
				DEVELOPMENT_TEAM = CCQ8AH27PK;
				INFOPLIST_FILE = helloworldTests/Info.plist;
				LD_RUNPATH_SEARCH_PATHS = (
					"$(inherited)",
					"@executable_path/Frameworks",
					"@loader_path/Frameworks",
				);
				PRODUCT_BUNDLE_IDENTIFIER = com.rewardz.helloworldTests;
				PRODUCT_NAME = "$(TARGET_NAME)";
				SWIFT_VERSION = 4.2;
				TARGETED_DEVICE_FAMILY = "1,2";
				TEST_HOST = "$(BUILT_PRODUCTS_DIR)/helloworld.app/helloworld";
			};
			name = Debug;
		};
		55BBEA92224156560094EE4C /* Release */ = {
			isa = XCBuildConfiguration;
			buildSettings = {
				ALWAYS_EMBED_SWIFT_STANDARD_LIBRARIES = YES;
				BUNDLE_LOADER = "$(TEST_HOST)";
				CODE_SIGN_STYLE = Automatic;
				DEVELOPMENT_TEAM = CCQ8AH27PK;
				INFOPLIST_FILE = helloworldTests/Info.plist;
				LD_RUNPATH_SEARCH_PATHS = (
					"$(inherited)",
					"@executable_path/Frameworks",
					"@loader_path/Frameworks",
				);
				PRODUCT_BUNDLE_IDENTIFIER = com.rewardz.helloworldTests;
				PRODUCT_NAME = "$(TARGET_NAME)";
				SWIFT_VERSION = 4.2;
				TARGETED_DEVICE_FAMILY = "1,2";
				TEST_HOST = "$(BUILT_PRODUCTS_DIR)/helloworld.app/helloworld";
			};
			name = Release;
		};
		55BBEA94224156560094EE4C /* Debug */ = {
			isa = XCBuildConfiguration;
			buildSettings = {
				ALWAYS_EMBED_SWIFT_STANDARD_LIBRARIES = YES;
				CODE_SIGN_STYLE = Automatic;
				DEVELOPMENT_TEAM = CCQ8AH27PK;
				INFOPLIST_FILE = helloworldUITests/Info.plist;
				LD_RUNPATH_SEARCH_PATHS = (
					"$(inherited)",
					"@executable_path/Frameworks",
					"@loader_path/Frameworks",
				);
				PRODUCT_BUNDLE_IDENTIFIER = com.rewardz.helloworldUITests;
				PRODUCT_NAME = "$(TARGET_NAME)";
				SWIFT_VERSION = 4.2;
				TARGETED_DEVICE_FAMILY = "1,2";
				TEST_TARGET_NAME = helloworld;
			};
			name = Debug;
		};
		55BBEA95224156560094EE4C /* Release */ = {
			isa = XCBuildConfiguration;
			buildSettings = {
				ALWAYS_EMBED_SWIFT_STANDARD_LIBRARIES = YES;
				CODE_SIGN_STYLE = Automatic;
				DEVELOPMENT_TEAM = CCQ8AH27PK;
				INFOPLIST_FILE = helloworldUITests/Info.plist;
				LD_RUNPATH_SEARCH_PATHS = (
					"$(inherited)",
					"@executable_path/Frameworks",
					"@loader_path/Frameworks",
				);
				PRODUCT_BUNDLE_IDENTIFIER = com.rewardz.helloworldUITests;
				PRODUCT_NAME = "$(TARGET_NAME)";
				SWIFT_VERSION = 4.2;
				TARGETED_DEVICE_FAMILY = "1,2";
				TEST_TARGET_NAME = helloworld;
			};
			name = Release;
		};
/* End XCBuildConfiguration section */

/* Begin XCConfigurationList section */
		55BBEA60224156550094EE4C /* Build configuration list for PBXProject "helloworld" */ = {
			isa = XCConfigurationList;
			buildConfigurations = (
				55BBEA8B224156560094EE4C /* Debug */,
				55BBEA8C224156560094EE4C /* Release */,
			);
			defaultConfigurationIsVisible = 0;
			defaultConfigurationName = Release;
		};
		55BBEA8D224156560094EE4C /* Build configuration list for PBXNativeTarget "helloworld" */ = {
			isa = XCConfigurationList;
			buildConfigurations = (
				55BBEA8E224156560094EE4C /* Debug */,
				55BBEA8F224156560094EE4C /* Release */,
			);
			defaultConfigurationIsVisible = 0;
			defaultConfigurationName = Release;
		};
		55BBEA90224156560094EE4C /* Build configuration list for PBXNativeTarget "helloworldTests" */ = {
			isa = XCConfigurationList;
			buildConfigurations = (
				55BBEA91224156560094EE4C /* Debug */,
				55BBEA92224156560094EE4C /* Release */,
			);
			defaultConfigurationIsVisible = 0;
			defaultConfigurationName = Release;
		};
		55BBEA93224156560094EE4C /* Build configuration list for PBXNativeTarget "helloworldUITests" */ = {
			isa = XCConfigurationList;
			buildConfigurations = (
				55BBEA94224156560094EE4C /* Debug */,
				55BBEA95224156560094EE4C /* Release */,
			);
			defaultConfigurationIsVisible = 0;
			defaultConfigurationName = Release;
		};
/* End XCConfigurationList section */
	};
	rootObject = 55BBEA5D224156550094EE4C /* Project object */;
}
